// !$*UTF8*$!
{
	archiveVersion = 1;
	classes = {
	};
	objectVersion = 50;
	objects = {

/* Begin PBXBuildFile section */
		27941CC5207AE99B0073B39E /* original.cpp in Sources */ = {isa = PBXBuildFile; fileRef = 27941CC4207AE99B0073B39E /* original.cpp */; };
		27941CE5207B06F50073B39E /* compile_error.cpp in Sources */ = {isa = PBXBuildFile; fileRef = 27941CE4207B06F50073B39E /* compile_error.cpp */; };
		27941D06207D38A30073B39E /* logic_error.cpp in Sources */ = {isa = PBXBuildFile; fileRef = 27941D05207D38A30073B39E /* logic_error.cpp */; };
		27941D1C2081B75D0073B39E /* main.cpp in Sources */ = {isa = PBXBuildFile; fileRef = 27941D1B2081B75D0073B39E /* main.cpp */; };
/* End PBXBuildFile section */

/* Begin PBXCopyFilesBuildPhase section */
		27941CBF207AE99B0073B39E /* CopyFiles */ = {
			isa = PBXCopyFilesBuildPhase;
			buildActionMask = 2147483647;
			dstPath = /usr/share/man/man1/;
			dstSubfolderSpec = 0;
			files = (
			);
			runOnlyForDeploymentPostprocessing = 1;
		};
		27941CD5207AF42F0073B39E /* CopyFiles */ = {
			isa = PBXCopyFilesBuildPhase;
			buildActionMask = 2147483647;
			dstPath = /usr/share/man/man1/;
			dstSubfolderSpec = 0;
			files = (
			);
			runOnlyForDeploymentPostprocessing = 1;
		};
		27941CE0207B06F50073B39E /* CopyFiles */ = {
			isa = PBXCopyFilesBuildPhase;
			buildActionMask = 2147483647;
			dstPath = /usr/share/man/man1/;
			dstSubfolderSpec = 0;
			files = (
			);
			runOnlyForDeploymentPostprocessing = 1;
		};
		27941D01207D38A30073B39E /* CopyFiles */ = {
			isa = PBXCopyFilesBuildPhase;
			buildActionMask = 2147483647;
			dstPath = /usr/share/man/man1/;
			dstSubfolderSpec = 0;
			files = (
			);
			runOnlyForDeploymentPostprocessing = 1;
		};
		27941D172081B75D0073B39E /* CopyFiles */ = {
			isa = PBXCopyFilesBuildPhase;
			buildActionMask = 2147483647;
			dstPath = /usr/share/man/man1/;
			dstSubfolderSpec = 0;
			files = (
			);
			runOnlyForDeploymentPostprocessing = 1;
		};
/* End PBXCopyFilesBuildPhase section */

/* Begin PBXFileReference section */
		27941CC1207AE99B0073B39E /* Project1 */ = {isa = PBXFileReference; explicitFileType = "compiled.mach-o.executable"; includeInIndex = 0; path = Project1; sourceTree = BUILT_PRODUCTS_DIR; };
		27941CC4207AE99B0073B39E /* original.cpp */ = {isa = PBXFileReference; lastKnownFileType = sourcecode.cpp.cpp; path = original.cpp; sourceTree = "<group>"; };
		27941CD7207AF42F0073B39E /* logic_error */ = {isa = PBXFileReference; explicitFileType = "compiled.mach-o.executable"; includeInIndex = 0; path = logic_error; sourceTree = BUILT_PRODUCTS_DIR; };
		27941CE2207B06F50073B39E /* CompileError */ = {isa = PBXFileReference; explicitFileType = "compiled.mach-o.executable"; includeInIndex = 0; path = CompileError; sourceTree = BUILT_PRODUCTS_DIR; };
		27941CE4207B06F50073B39E /* compile_error.cpp */ = {isa = PBXFileReference; lastKnownFileType = sourcecode.cpp.cpp; path = compile_error.cpp; sourceTree = "<group>"; };
		27941D03207D38A30073B39E /* LogicError */ = {isa = PBXFileReference; explicitFileType = "compiled.mach-o.executable"; includeInIndex = 0; path = LogicError; sourceTree = BUILT_PRODUCTS_DIR; };
		27941D05207D38A30073B39E /* logic_error.cpp */ = {isa = PBXFileReference; lastKnownFileType = sourcecode.cpp.cpp; path = logic_error.cpp; sourceTree = "<group>"; };
		27941D192081B75D0073B39E /* GameChooser */ = {isa = PBXFileReference; explicitFileType = "compiled.mach-o.executable"; includeInIndex = 0; path = GameChooser; sourceTree = BUILT_PRODUCTS_DIR; };
		27941D1B2081B75D0073B39E /* main.cpp */ = {isa = PBXFileReference; lastKnownFileType = sourcecode.cpp.cpp; path = main.cpp; sourceTree = "<group>"; };
/* End PBXFileReference section */

/* Begin PBXFrameworksBuildPhase section */
		27941CBE207AE99B0073B39E /* Frameworks */ = {
			isa = PBXFrameworksBuildPhase;
			buildActionMask = 2147483647;
			files = (
			);
			runOnlyForDeploymentPostprocessing = 0;
		};
		27941CD4207AF42F0073B39E /* Frameworks */ = {
			isa = PBXFrameworksBuildPhase;
			buildActionMask = 2147483647;
			files = (
			);
			runOnlyForDeploymentPostprocessing = 0;
		};
		27941CDF207B06F50073B39E /* Frameworks */ = {
			isa = PBXFrameworksBuildPhase;
			buildActionMask = 2147483647;
			files = (
			);
			runOnlyForDeploymentPostprocessing = 0;
		};
		27941D00207D38A30073B39E /* Frameworks */ = {
			isa = PBXFrameworksBuildPhase;
			buildActionMask = 2147483647;
			files = (
			);
			runOnlyForDeploymentPostprocessing = 0;
		};
		27941D162081B75D0073B39E /* Frameworks */ = {
			isa = PBXFrameworksBuildPhase;
			buildActionMask = 2147483647;
			files = (
			);
			runOnlyForDeploymentPostprocessing = 0;
		};
/* End PBXFrameworksBuildPhase section */

/* Begin PBXGroup section */
		27941CB8207AE99B0073B39E = {
			isa = PBXGroup;
			children = (
				27941CC3207AE99B0073B39E /* Original */,
				27941CE3207B06F50073B39E /* CompileError */,
				27941D04207D38A30073B39E /* LogicError */,
				27941D1A2081B75D0073B39E /* GameChooser */,
				27941CC2207AE99B0073B39E /* Products */,
			);
			sourceTree = "<group>";
		};
		27941CC2207AE99B0073B39E /* Products */ = {
			isa = PBXGroup;
			children = (
				27941CC1207AE99B0073B39E /* Project1 */,
				27941CD7207AF42F0073B39E /* logic_error */,
				27941CE2207B06F50073B39E /* CompileError */,
				27941D03207D38A30073B39E /* LogicError */,
				27941D192081B75D0073B39E /* GameChooser */,
			);
			name = Products;
			sourceTree = "<group>";
		};
		27941CC3207AE99B0073B39E /* Original */ = {
			isa = PBXGroup;
			children = (
				27941CC4207AE99B0073B39E /* original.cpp */,
			);
			path = Original;
			sourceTree = "<group>";
		};
		27941CE3207B06F50073B39E /* CompileError */ = {
			isa = PBXGroup;
			children = (
				27941CE4207B06F50073B39E /* compile_error.cpp */,
			);
			path = CompileError;
			sourceTree = "<group>";
		};
		27941D04207D38A30073B39E /* LogicError */ = {
			isa = PBXGroup;
			children = (
				27941D05207D38A30073B39E /* logic_error.cpp */,
			);
			path = LogicError;
			sourceTree = "<group>";
		};
		27941D1A2081B75D0073B39E /* GameChooser */ = {
			isa = PBXGroup;
			children = (
				27941D1B2081B75D0073B39E /* main.cpp */,
			);
			path = GameChooser;
			sourceTree = "<group>";
		};
/* End PBXGroup section */

/* Begin PBXNativeTarget section */
		27941CC0207AE99B0073B39E /* Project1 */ = {
			isa = PBXNativeTarget;
			buildConfigurationList = 27941CC8207AE99B0073B39E /* Build configuration list for PBXNativeTarget "Project1" */;
			buildPhases = (
				27941CBD207AE99B0073B39E /* Sources */,
				27941CBE207AE99B0073B39E /* Frameworks */,
				27941CBF207AE99B0073B39E /* CopyFiles */,
			);
			buildRules = (
			);
			dependencies = (
			);
			name = Project1;
			productName = Project1;
			productReference = 27941CC1207AE99B0073B39E /* Project1 */;
			productType = "com.apple.product-type.tool";
		};
		27941CD6207AF42F0073B39E /* logic_error */ = {
			isa = PBXNativeTarget;
			buildConfigurationList = 27941CDB207AF42F0073B39E /* Build configuration list for PBXNativeTarget "logic_error" */;
			buildPhases = (
				27941CD3207AF42F0073B39E /* Sources */,
				27941CD4207AF42F0073B39E /* Frameworks */,
				27941CD5207AF42F0073B39E /* CopyFiles */,
			);
			buildRules = (
			);
			dependencies = (
			);
			name = logic_error;
			productName = logic_error;
			productReference = 27941CD7207AF42F0073B39E /* logic_error */;
			productType = "com.apple.product-type.tool";
		};
		27941CE1207B06F50073B39E /* CompileError */ = {
			isa = PBXNativeTarget;
			buildConfigurationList = 27941CE6207B06F50073B39E /* Build configuration list for PBXNativeTarget "CompileError" */;
			buildPhases = (
				27941CDE207B06F50073B39E /* Sources */,
				27941CDF207B06F50073B39E /* Frameworks */,
				27941CE0207B06F50073B39E /* CopyFiles */,
			);
			buildRules = (
			);
			dependencies = (
			);
			name = CompileError;
			productName = CompileError;
			productReference = 27941CE2207B06F50073B39E /* CompileError */;
			productType = "com.apple.product-type.tool";
		};
		27941D02207D38A30073B39E /* LogicError */ = {
			isa = PBXNativeTarget;
			buildConfigurationList = 27941D07207D38A30073B39E /* Build configuration list for PBXNativeTarget "LogicError" */;
			buildPhases = (
				27941CFF207D38A30073B39E /* Sources */,
				27941D00207D38A30073B39E /* Frameworks */,
				27941D01207D38A30073B39E /* CopyFiles */,
			);
			buildRules = (
			);
			dependencies = (
			);
			name = LogicError;
			productName = LogicError;
			productReference = 27941D03207D38A30073B39E /* LogicError */;
			productType = "com.apple.product-type.tool";
		};
		27941D182081B75D0073B39E /* GameChooser */ = {
			isa = PBXNativeTarget;
			buildConfigurationList = 27941D1F2081B75D0073B39E /* Build configuration list for PBXNativeTarget "GameChooser" */;
			buildPhases = (
				27941D152081B75D0073B39E /* Sources */,
				27941D162081B75D0073B39E /* Frameworks */,
				27941D172081B75D0073B39E /* CopyFiles */,
			);
			buildRules = (
			);
			dependencies = (
			);
			name = GameChooser;
			productName = GameChooser;
			productReference = 27941D192081B75D0073B39E /* GameChooser */;
			productType = "com.apple.product-type.tool";
		};
/* End PBXNativeTarget section */

/* Begin PBXProject section */
		27941CB9207AE99B0073B39E /* Project object */ = {
			isa = PBXProject;
			attributes = {
				LastUpgradeCheck = 0930;
				ORGANIZATIONNAME = "Dominic Loftus";
				TargetAttributes = {
					27941CC0207AE99B0073B39E = {
						CreatedOnToolsVersion = 9.3;
					};
					27941CD6207AF42F0073B39E = {
						CreatedOnToolsVersion = 9.3;
					};
					27941CE1207B06F50073B39E = {
						CreatedOnToolsVersion = 9.3;
					};
					27941D02207D38A30073B39E = {
						CreatedOnToolsVersion = 9.3;
					};
					27941D182081B75D0073B39E = {
						CreatedOnToolsVersion = 9.3;
					};
				};
			};
			buildConfigurationList = 27941CBC207AE99B0073B39E /* Build configuration list for PBXProject "Project1" */;
			compatibilityVersion = "Xcode 9.3";
			developmentRegion = en;
			hasScannedForEncodings = 0;
			knownRegions = (
				en,
			);
			mainGroup = 27941CB8207AE99B0073B39E;
			productRefGroup = 27941CC2207AE99B0073B39E /* Products */;
			projectDirPath = "";
			projectRoot = "";
			targets = (
				27941CC0207AE99B0073B39E /* Project1 */,
				27941CD6207AF42F0073B39E /* logic_error */,
				27941CE1207B06F50073B39E /* CompileError */,
				27941D02207D38A30073B39E /* LogicError */,
				27941D182081B75D0073B39E /* GameChooser */,
			);
		};
/* End PBXProject section */

/* Begin PBXSourcesBuildPhase section */
		27941CBD207AE99B0073B39E /* Sources */ = {
			isa = PBXSourcesBuildPhase;
			buildActionMask = 2147483647;
			files = (
				27941CC5207AE99B0073B39E /* original.cpp in Sources */,
			);
			runOnlyForDeploymentPostprocessing = 0;
		};
		27941CD3207AF42F0073B39E /* Sources */ = {
			isa = PBXSourcesBuildPhase;
			buildActionMask = 2147483647;
			files = (
			);
			runOnlyForDeploymentPostprocessing = 0;
		};
		27941CDE207B06F50073B39E /* Sources */ = {
			isa = PBXSourcesBuildPhase;
			buildActionMask = 2147483647;
			files = (
				27941CE5207B06F50073B39E /* compile_error.cpp in Sources */,
			);
			runOnlyForDeploymentPostprocessing = 0;
		};
		27941CFF207D38A30073B39E /* Sources */ = {
			isa = PBXSourcesBuildPhase;
			buildActionMask = 2147483647;
			files = (
				27941D06207D38A30073B39E /* logic_error.cpp in Sources */,
			);
			runOnlyForDeploymentPostprocessing = 0;
		};
		27941D152081B75D0073B39E /* Sources */ = {
			isa = PBXSourcesBuildPhase;
			buildActionMask = 2147483647;
			files = (
				27941D1C2081B75D0073B39E /* main.cpp in Sources */,
			);
			runOnlyForDeploymentPostprocessing = 0;
		};
/* End PBXSourcesBuildPhase section */

/* Begin XCBuildConfiguration section */
		27941CC6207AE99B0073B39E /* Debug */ = {
			isa = XCBuildConfiguration;
			buildSettings = {
				ALWAYS_SEARCH_USER_PATHS = NO;
				CLANG_ANALYZER_NONNULL = YES;
				CLANG_ANALYZER_NUMBER_OBJECT_CONVERSION = YES_AGGRESSIVE;
				CLANG_CXX_LANGUAGE_STANDARD = "gnu++14";
				CLANG_CXX_LIBRARY = "libc++";
				CLANG_ENABLE_MODULES = YES;
				CLANG_ENABLE_OBJC_ARC = YES;
				CLANG_ENABLE_OBJC_WEAK = YES;
				CLANG_WARN_BLOCK_CAPTURE_AUTORELEASING = YES;
				CLANG_WARN_BOOL_CONVERSION = YES;
				CLANG_WARN_COMMA = YES;
				CLANG_WARN_CONSTANT_CONVERSION = YES;
				CLANG_WARN_DEPRECATED_OBJC_IMPLEMENTATIONS = YES;
				CLANG_WARN_DIRECT_OBJC_ISA_USAGE = YES_ERROR;
				CLANG_WARN_DOCUMENTATION_COMMENTS = YES;
				CLANG_WARN_EMPTY_BODY = YES;
				CLANG_WARN_ENUM_CONVERSION = YES;
				CLANG_WARN_INFINITE_RECURSION = YES;
				CLANG_WARN_INT_CONVERSION = YES;
				CLANG_WARN_NON_LITERAL_NULL_CONVERSION = YES;
				CLANG_WARN_OBJC_IMPLICIT_RETAIN_SELF = YES;
				CLANG_WARN_OBJC_LITERAL_CONVERSION = YES;
				CLANG_WARN_OBJC_ROOT_CLASS = YES_ERROR;
				CLANG_WARN_RANGE_LOOP_ANALYSIS = YES;
				CLANG_WARN_STRICT_PROTOTYPES = YES;
				CLANG_WARN_SUSPICIOUS_MOVE = YES;
				CLANG_WARN_UNGUARDED_AVAILABILITY = YES_AGGRESSIVE;
				CLANG_WARN_UNREACHABLE_CODE = YES;
				CLANG_WARN__DUPLICATE_METHOD_MATCH = YES;
				CODE_SIGN_IDENTITY = "-";
				COPY_PHASE_STRIP = NO;
				DEBUG_INFORMATION_FORMAT = dwarf;
				ENABLE_STRICT_OBJC_MSGSEND = YES;
				ENABLE_TESTABILITY = YES;
				GCC_C_LANGUAGE_STANDARD = gnu11;
				GCC_DYNAMIC_NO_PIC = NO;
				GCC_NO_COMMON_BLOCKS = YES;
				GCC_OPTIMIZATION_LEVEL = 0;
				GCC_PREPROCESSOR_DEFINITIONS = (
					"DEBUG=1",
					"$(inherited)",
				);
				GCC_WARN_64_TO_32_BIT_CONVERSION = YES;
				GCC_WARN_ABOUT_RETURN_TYPE = YES_ERROR;
				GCC_WARN_UNDECLARED_SELECTOR = YES;
				GCC_WARN_UNINITIALIZED_AUTOS = YES_AGGRESSIVE;
				GCC_WARN_UNUSED_FUNCTION = YES;
				GCC_WARN_UNUSED_VARIABLE = YES;
				MACOSX_DEPLOYMENT_TARGET = 10.13;
				MTL_ENABLE_DEBUG_INFO = YES;
				ONLY_ACTIVE_ARCH = YES;
				SDKROOT = macosx;
			};
			name = Debug;
		};
		27941CC7207AE99B0073B39E /* Release */ = {
			isa = XCBuildConfiguration;
			buildSettings = {
				ALWAYS_SEARCH_USER_PATHS = NO;
				CLANG_ANALYZER_NONNULL = YES;
				CLANG_ANALYZER_NUMBER_OBJECT_CONVERSION = YES_AGGRESSIVE;
				CLANG_CXX_LANGUAGE_STANDARD = "gnu++14";
				CLANG_CXX_LIBRARY = "libc++";
				CLANG_ENABLE_MODULES = YES;
				CLANG_ENABLE_OBJC_ARC = YES;
				CLANG_ENABLE_OBJC_WEAK = YES;
				CLANG_WARN_BLOCK_CAPTURE_AUTORELEASING = YES;
				CLANG_WARN_BOOL_CONVERSION = YES;
				CLANG_WARN_COMMA = YES;
				CLANG_WARN_CONSTANT_CONVERSION = YES;
				CLANG_WARN_DEPRECATED_OBJC_IMPLEMENTATIONS = YES;
				CLANG_WARN_DIRECT_OBJC_ISA_USAGE = YES_ERROR;
				CLANG_WARN_DOCUMENTATION_COMMENTS = YES;
				CLANG_WARN_EMPTY_BODY = YES;
				CLANG_WARN_ENUM_CONVERSION = YES;
				CLANG_WARN_INFINITE_RECURSION = YES;
				CLANG_WARN_INT_CONVERSION = YES;
				CLANG_WARN_NON_LITERAL_NULL_CONVERSION = YES;
				CLANG_WARN_OBJC_IMPLICIT_RETAIN_SELF = YES;
				CLANG_WARN_OBJC_LITERAL_CONVERSION = YES;
				CLANG_WARN_OBJC_ROOT_CLASS = YES_ERROR;
				CLANG_WARN_RANGE_LOOP_ANALYSIS = YES;
				CLANG_WARN_STRICT_PROTOTYPES = YES;
				CLANG_WARN_SUSPICIOUS_MOVE = YES;
				CLANG_WARN_UNGUARDED_AVAILABILITY = YES_AGGRESSIVE;
				CLANG_WARN_UNREACHABLE_CODE = YES;
				CLANG_WARN__DUPLICATE_METHOD_MATCH = YES;
				CODE_SIGN_IDENTITY = "-";
				COPY_PHASE_STRIP = NO;
				DEBUG_INFORMATION_FORMAT = "dwarf-with-dsym";
				ENABLE_NS_ASSERTIONS = NO;
				ENABLE_STRICT_OBJC_MSGSEND = YES;
				GCC_C_LANGUAGE_STANDARD = gnu11;
				GCC_NO_COMMON_BLOCKS = YES;
				GCC_WARN_64_TO_32_BIT_CONVERSION = YES;
				GCC_WARN_ABOUT_RETURN_TYPE = YES_ERROR;
				GCC_WARN_UNDECLARED_SELECTOR = YES;
				GCC_WARN_UNINITIALIZED_AUTOS = YES_AGGRESSIVE;
				GCC_WARN_UNUSED_FUNCTION = YES;
				GCC_WARN_UNUSED_VARIABLE = YES;
				MACOSX_DEPLOYMENT_TARGET = 10.13;
				MTL_ENABLE_DEBUG_INFO = NO;
				SDKROOT = macosx;
			};
			name = Release;
		};
		27941CC9207AE99B0073B39E /* Debug */ = {
			isa = XCBuildConfiguration;
			buildSettings = {
				CODE_SIGN_STYLE = Automatic;
				PRODUCT_NAME = "$(TARGET_NAME)";
			};
			name = Debug;
		};
		27941CCA207AE99B0073B39E /* Release */ = {
			isa = XCBuildConfiguration;
			buildSettings = {
				CODE_SIGN_STYLE = Automatic;
				PRODUCT_NAME = "$(TARGET_NAME)";
			};
			name = Release;
		};
		27941CDC207AF42F0073B39E /* Debug */ = {
			isa = XCBuildConfiguration;
			buildSettings = {
				CODE_SIGN_STYLE = Automatic;
				PRODUCT_NAME = "$(TARGET_NAME)";
			};
			name = Debug;
		};
		27941CDD207AF42F0073B39E /* Release */ = {
			isa = XCBuildConfiguration;
			buildSettings = {
				CODE_SIGN_STYLE = Automatic;
				PRODUCT_NAME = "$(TARGET_NAME)";
			};
			name = Release;
		};
		27941CE7207B06F50073B39E /* Debug */ = {
			isa = XCBuildConfiguration;
			buildSettings = {
				CODE_SIGN_STYLE = Automatic;
				PRODUCT_NAME = "$(TARGET_NAME)";
			};
			name = Debug;
		};
		27941CE8207B06F50073B39E /* Release */ = {
			isa = XCBuildConfiguration;
			buildSettings = {
				CODE_SIGN_STYLE = Automatic;
				PRODUCT_NAME = "$(TARGET_NAME)";
			};
			name = Release;
		};
		27941D08207D38A30073B39E /* Debug */ = {
			isa = XCBuildConfiguration;
			buildSettings = {
				CODE_SIGN_STYLE = Automatic;
				PRODUCT_NAME = "$(TARGET_NAME)";
			};
			name = Debug;
		};
		27941D09207D38A30073B39E /* Release */ = {
			isa = XCBuildConfiguration;
			buildSettings = {
				CODE_SIGN_STYLE = Automatic;
				PRODUCT_NAME = "$(TARGET_NAME)";
			};
			name = Release;
		};
		27941D1D2081B75D0073B39E /* Debug */ = {
			isa = XCBuildConfiguration;
			buildSettings = {
				CODE_SIGN_STYLE = Automatic;
				PRODUCT_NAME = "$(TARGET_NAME)";
			};
			name = Debug;
		};
		27941D1E2081B75D0073B39E /* Release */ = {
			isa = XCBuildConfiguration;
			buildSettings = {
				CODE_SIGN_STYLE = Automatic;
				PRODUCT_NAME = "$(TARGET_NAME)";
			};
			name = Release;
		};
/* End XCBuildConfiguration section */

/* Begin XCConfigurationList section */
		27941CBC207AE99B0073B39E /* Build configuration list for PBXProject "Project1" */ = {
			isa = XCConfigurationList;
			buildConfigurations = (
				27941CC6207AE99B0073B39E /* Debug */,
				27941CC7207AE99B0073B39E /* Release */,
			);
			defaultConfigurationIsVisible = 0;
			defaultConfigurationName = Release;
		};
		27941CC8207AE99B0073B39E /* Build configuration list for PBXNativeTarget "Project1" */ = {
			isa = XCConfigurationList;
			buildConfigurations = (
				27941CC9207AE99B0073B39E /* Debug */,
				27941CCA207AE99B0073B39E /* Release */,
			);
			defaultConfigurationIsVisible = 0;
			defaultConfigurationName = Release;
		};
		27941CDB207AF42F0073B39E /* Build configuration list for PBXNativeTarget "logic_error" */ = {
			isa = XCConfigurationList;
			buildConfigurations = (
				27941CDC207AF42F0073B39E /* Debug */,
				27941CDD207AF42F0073B39E /* Release */,
			);
			defaultConfigurationIsVisible = 0;
			defaultConfigurationName = Release;
		};
		27941CE6207B06F50073B39E /* Build configuration list for PBXNativeTarget "CompileError" */ = {
			isa = XCConfigurationList;
			buildConfigurations = (
				27941CE7207B06F50073B39E /* Debug */,
				27941CE8207B06F50073B39E /* Release */,
			);
			defaultConfigurationIsVisible = 0;
			defaultConfigurationName = Release;
		};
		27941D07207D38A30073B39E /* Build configuration list for PBXNativeTarget "LogicError" */ = {
			isa = XCConfigurationList;
			buildConfigurations = (
				27941D08207D38A30073B39E /* Debug */,
				27941D09207D38A30073B39E /* Release */,
			);
			defaultConfigurationIsVisible = 0;
			defaultConfigurationName = Release;
		};
		27941D1F2081B75D0073B39E /* Build configuration list for PBXNativeTarget "GameChooser" */ = {
			isa = XCConfigurationList;
			buildConfigurations = (
				27941D1D2081B75D0073B39E /* Debug */,
				27941D1E2081B75D0073B39E /* Release */,
			);
			defaultConfigurationIsVisible = 0;
			defaultConfigurationName = Release;
		};
/* End XCConfigurationList section */
	};
	rootObject = 27941CB9207AE99B0073B39E /* Project object */;
}
